<?xml version="1.0" encoding="utf-8"?>
<Project ToolsVersion="4.0" xmlns="http://schemas.microsoft.com/developer/msbuild/2003">
  <ItemGroup>
    <Filter Include="Source Files">
      <UniqueIdentifier>{4FC737F1-C7A5-4376-A066-2A32D752A2FF}</UniqueIdentifier>
      <Extensions>cpp;c;cc;cxx;def;odl;idl;hpj;bat;asm;asmx</Extensions>
    </Filter>
    <Filter Include="Header Files">
      <UniqueIdentifier>{93995380-89BD-4b04-88EB-625FBE52EBFB}</UniqueIdentifier>
      <Extensions>h;hh;hpp;hxx;hm;inl;inc;xsd</Extensions>
    </Filter>
    <Filter Include="Resource Files">
      <UniqueIdentifier>{67DA6AB6-F800-4c08-8B7A-83BB121AAD01}</UniqueIdentifier>
      <Extensions>rc;ico;cur;bmp;dlg;rc2;rct;bin;rgs;gif;jpg;jpeg;jpe;resx;tiff;tif;png;wav;mfcribbon-ms</Extensions>
    </Filter>
  </ItemGroup>
  <ItemGroup>
    <ClInclude Include="gen_openflare.h">
      <Filter>Header Files</Filter>
    </ClInclude>
    <ClInclude Include="Stdafx.h">
      <Filter>Header Files</Filter>
    </ClInclude>
    <ClInclude Include="resource.h">
      <Filter>Header Files</Filter>
    </ClInclude>
    <ClInclude Include="Winamp\DSP.H">
      <Filter>Header Files</Filter>
    </ClInclude>
    <ClInclude Include="Winamp\GEN.H">
      <Filter>Header Files</Filter>
    </ClInclude>
    <ClInclude Include="Winamp\IN2.H">
      <Filter>Header Files</Filter>
    </ClInclude>
    <ClInclude Include="Winamp\ipc_pe.h">
      <Filter>Header Files</Filter>
    </ClInclude>
    <ClInclude Include="Winamp\OUT.H">
      <Filter>Header Files</Filter>
    </ClInclude>
    <ClInclude Include="Winamp\wa_dlg.h">
      <Filter>Header Files</Filter>
    </ClInclude>
    <ClInclude Include="Winamp\wa_ipc.h">
      <Filter>Header Files</Filter>
    </ClInclude>
    <ClInclude Include="SDK\Aimp\apiActions.h">
      <Filter>Header Files</Filter>
    </ClInclude>
    <ClInclude Include="SDK\Aimp\apiAlbumArt.h">
      <Filter>Header Files</Filter>
    </ClInclude>
    <ClInclude Include="SDK\Aimp\apiCore.h">
      <Filter>Header Files</Filter>
    </ClInclude>
    <ClInclude Include="SDK\Aimp\apiDecoders.h">
      <Filter>Header Files</Filter>
    </ClInclude>
    <ClInclude Include="SDK\Aimp\apiFileManager.h">
      <Filter>Header Files</Filter>
    </ClInclude>
    <ClInclude Include="SDK\Aimp\apiGUI.h">
      <Filter>Header Files</Filter>
    </ClInclude>
    <ClInclude Include="SDK\Aimp\apiInternet.h">
      <Filter>Header Files</Filter>
    </ClInclude>
    <ClInclude Include="SDK\Aimp\apiMenu.h">
      <Filter>Header Files</Filter>
    </ClInclude>
    <ClInclude Include="SDK\Aimp\apiMessages.h">
      <Filter>Header Files</Filter>
    </ClInclude>
    <ClInclude Include="SDK\Aimp\apiMUI.h">
      <Filter>Header Files</Filter>
    </ClInclude>
    <ClInclude Include="SDK\Aimp\apiMusicLibrary.h">
      <Filter>Header Files</Filter>
    </ClInclude>
    <ClInclude Include="SDK\Aimp\apiObjects.h">
      <Filter>Header Files</Filter>
    </ClInclude>
    <ClInclude Include="SDK\Aimp\apiOptions.h">
      <Filter>Header Files</Filter>
    </ClInclude>
    <ClInclude Include="SDK\Aimp\apiPlayer.h">
      <Filter>Header Files</Filter>
    </ClInclude>
    <ClInclude Include="SDK\Aimp\apiPlaylists.h">
      <Filter>Header Files</Filter>
    </ClInclude>
    <ClInclude Include="SDK\Aimp\apiPlugin.h">
      <Filter>Header Files</Filter>
    </ClInclude>
    <ClInclude Include="SDK\Aimp\apiRemote.h">
      <Filter>Header Files</Filter>
    </ClInclude>
    <ClInclude Include="SDK\Aimp\apiScheduler.h">
      <Filter>Header Files</Filter>
    </ClInclude>
    <ClInclude Include="SDK\Aimp\apiSkins.h">
      <Filter>Header Files</Filter>
    </ClInclude>
    <ClInclude Include="SDK\Aimp\apiTagEditor.h">
      <Filter>Header Files</Filter>
    </ClInclude>
    <ClInclude Include="SDK\Aimp\apiThreading.h">
      <Filter>Header Files</Filter>
    </ClInclude>
    <ClInclude Include="SDK\Aimp\apiVisuals.h">
      <Filter>Header Files</Filter>
    </ClInclude>
    <ClInclude Include="SDK\Winamp\DSP.H">
      <Filter>Header Files</Filter>
    </ClInclude>
    <ClInclude Include="SDK\Winamp\GEN.H">
      <Filter>Header Files</Filter>
    </ClInclude>
    <ClInclude Include="SDK\Winamp\IN2.H">
      <Filter>Header Files</Filter>
    </ClInclude>
    <ClInclude Include="SDK\Winamp\ipc_pe.h">
      <Filter>Header Files</Filter>
    </ClInclude>
    <ClInclude Include="SDK\Winamp\OUT.H">
      <Filter>Header Files</Filter>
    </ClInclude>
    <ClInclude Include="SDK\Winamp\wa_dlg.h">
      <Filter>Header Files</Filter>
    </ClInclude>
    <ClInclude Include="SDK\Winamp\wa_ipc.h">
      <Filter>Header Files</Filter>
    </ClInclude>
    <ClInclude Include="IUnknownInterfaceImpl.h">
      <Filter>Header Files</Filter>
    </ClInclude>
  </ItemGroup>
  <ItemGroup>
    <ClCompile Include="gen_openflare.cpp">
      <Filter>Source Files</Filter>
    </ClCompile>
    <ClCompile Include="AssemblyInfo.cpp">
      <Filter>Source Files</Filter>
    </ClCompile>
    <ClCompile Include="Stdafx.cpp">
      <Filter>Source Files</Filter>
    </ClCompile>
  </ItemGroup>
  <ItemGroup>
    <Text Include="ReadMe.txt" />
  </ItemGroup>
  <ItemGroup>
    <ResourceCompile Include="app.rc">
      <Filter>Resource Files</Filter>
    </ResourceCompile>
  </ItemGroup>
  <ItemGroup>
    <Image Include="app.ico">
      <Filter>Resource Files</Filter>
    </Image>
  </ItemGroup>
  <ItemGroup>
    <None Include="gen_openflare.def">
      <Filter>Source Files</Filter>
    </None>
  </ItemGroup>
</Project>